
Microsoft Visual Studio Solution File, Format Version 12.00
# Visual Studio 15
VisualStudioVersion = 15.0.27004.2002
MinimumVisualStudioVersion = 10.0.40219.1
Project("{FAE04EC0-301F-11D3-BF4B-00C04F79EFBC}") = "LottieUwpPlayground", "LottieUwpPlayground\LottieUwpPlayground.csproj", "{5120EFD7-A556-46BF-8D56-F65F1EF9A305}"
EndProject
Project("{FAE04EC0-301F-11D3-BF4B-00C04F79EFBC}") = "LottieJsonReader", "LottieJsonReader\LottieJsonReader.csproj", "{AE4E2F47-A73E-44AD-9E5B-4BEEC152329A}"
EndProject
Project("{FAE04EC0-301F-11D3-BF4B-00C04F79EFBC}") = "LottieToVisual", "LottieToVisual\LottieToVisual.csproj", "{4C88D697-FB3C-48E4-BAB1-F285468162D0}"
EndProject
Project("{9A19103F-16F7-4668-BE54-9A1E7A4F7556}") = "LottieData", "LottieData\LottieData.csproj", "{624D8BBC-00E7-4BC8-8C9C-306EC058CB2B}"
EndProject
Project("{FAE04EC0-301F-11D3-BF4B-00C04F79EFBC}") = "Lottie", "Lottie\Lottie.csproj", "{E392BAD0-F936-4B64-A445-552597795CC7}"
EndProject
Project("{FAE04EC0-301F-11D3-BF4B-00C04F79EFBC}") = "Lottie_development", "Lottie_development\Lottie_development.csproj", "{DC73F166-0B2F-4494-979D-91273C4C3182}"
EndProject
Project("{FAE04EC0-301F-11D3-BF4B-00C04F79EFBC}") = "WinCompData", "WinCompData\WinCompData.csproj", "{B1DD2D0C-F280-4E5A-A14D-E1856CBB648A}"
EndProject
Global
	GlobalSection(SolutionConfigurationPlatforms) = preSolution
		Debug|Any CPU = Debug|Any CPU
		Debug|ARM = Debug|ARM
		Debug|x64 = Debug|x64
		Debug|x86 = Debug|x86
		Release|Any CPU = Release|Any CPU
		Release|ARM = Release|ARM
		Release|x64 = Release|x64
		Release|x86 = Release|x86
	EndGlobalSection
	GlobalSection(ProjectConfigurationPlatforms) = postSolution
		{5120EFD7-A556-46BF-8D56-F65F1EF9A305}.Debug|Any CPU.ActiveCfg = Debug|x86
		{5120EFD7-A556-46BF-8D56-F65F1EF9A305}.Debug|Any CPU.Build.0 = Debug|x86
		{5120EFD7-A556-46BF-8D56-F65F1EF9A305}.Debug|Any CPU.Deploy.0 = Debug|x86
		{5120EFD7-A556-46BF-8D56-F65F1EF9A305}.Debug|ARM.ActiveCfg = Debug|ARM
		{5120EFD7-A556-46BF-8D56-F65F1EF9A305}.Debug|ARM.Build.0 = Debug|ARM
		{5120EFD7-A556-46BF-8D56-F65F1EF9A305}.Debug|ARM.Deploy.0 = Debug|ARM
		{5120EFD7-A556-46BF-8D56-F65F1EF9A305}.Debug|x64.ActiveCfg = Debug|x64
		{5120EFD7-A556-46BF-8D56-F65F1EF9A305}.Debug|x64.Build.0 = Debug|x64
		{5120EFD7-A556-46BF-8D56-F65F1EF9A305}.Debug|x64.Deploy.0 = Debug|x64
		{5120EFD7-A556-46BF-8D56-F65F1EF9A305}.Debug|x86.ActiveCfg = Debug|x86
		{5120EFD7-A556-46BF-8D56-F65F1EF9A305}.Debug|x86.Build.0 = Debug|x86
		{5120EFD7-A556-46BF-8D56-F65F1EF9A305}.Debug|x86.Deploy.0 = Debug|x86
		{5120EFD7-A556-46BF-8D56-F65F1EF9A305}.Release|Any CPU.ActiveCfg = Release|x86
		{5120EFD7-A556-46BF-8D56-F65F1EF9A305}.Release|Any CPU.Build.0 = Release|x86
		{5120EFD7-A556-46BF-8D56-F65F1EF9A305}.Release|Any CPU.Deploy.0 = Release|x86
		{5120EFD7-A556-46BF-8D56-F65F1EF9A305}.Release|ARM.ActiveCfg = Release|ARM
		{5120EFD7-A556-46BF-8D56-F65F1EF9A305}.Release|ARM.Build.0 = Release|ARM
		{5120EFD7-A556-46BF-8D56-F65F1EF9A305}.Release|ARM.Deploy.0 = Release|ARM
		{5120EFD7-A556-46BF-8D56-F65F1EF9A305}.Release|x64.ActiveCfg = Release|x64
		{5120EFD7-A556-46BF-8D56-F65F1EF9A305}.Release|x64.Build.0 = Release|x64
		{5120EFD7-A556-46BF-8D56-F65F1EF9A305}.Release|x64.Deploy.0 = Release|x64
		{5120EFD7-A556-46BF-8D56-F65F1EF9A305}.Release|x86.ActiveCfg = Release|x86
		{5120EFD7-A556-46BF-8D56-F65F1EF9A305}.Release|x86.Build.0 = Release|x86
		{5120EFD7-A556-46BF-8D56-F65F1EF9A305}.Release|x86.Deploy.0 = Release|x86
		{AE4E2F47-A73E-44AD-9E5B-4BEEC152329A}.Debug|Any CPU.ActiveCfg = Debug|Any CPU
		{AE4E2F47-A73E-44AD-9E5B-4BEEC152329A}.Debug|Any CPU.Build.0 = Debug|Any CPU
		{AE4E2F47-A73E-44AD-9E5B-4BEEC152329A}.Debug|ARM.ActiveCfg = Debug|ARM
		{AE4E2F47-A73E-44AD-9E5B-4BEEC152329A}.Debug|ARM.Build.0 = Debug|ARM
		{AE4E2F47-A73E-44AD-9E5B-4BEEC152329A}.Debug|x64.ActiveCfg = Debug|x64
		{AE4E2F47-A73E-44AD-9E5B-4BEEC152329A}.Debug|x64.Build.0 = Debug|x64
		{AE4E2F47-A73E-44AD-9E5B-4BEEC152329A}.Debug|x86.ActiveCfg = Debug|x86
		{AE4E2F47-A73E-44AD-9E5B-4BEEC152329A}.Debug|x86.Build.0 = Debug|x86
		{AE4E2F47-A73E-44AD-9E5B-4BEEC152329A}.Release|Any CPU.ActiveCfg = Release|Any CPU
		{AE4E2F47-A73E-44AD-9E5B-4BEEC152329A}.Release|Any CPU.Build.0 = Release|Any CPU
		{AE4E2F47-A73E-44AD-9E5B-4BEEC152329A}.Release|ARM.ActiveCfg = Release|ARM
		{AE4E2F47-A73E-44AD-9E5B-4BEEC152329A}.Release|ARM.Build.0 = Release|ARM
		{AE4E2F47-A73E-44AD-9E5B-4BEEC152329A}.Release|x64.ActiveCfg = Release|x64
		{AE4E2F47-A73E-44AD-9E5B-4BEEC152329A}.Release|x64.Build.0 = Release|x64
		{AE4E2F47-A73E-44AD-9E5B-4BEEC152329A}.Release|x86.ActiveCfg = Release|x86
		{AE4E2F47-A73E-44AD-9E5B-4BEEC152329A}.Release|x86.Build.0 = Release|x86
		{4C88D697-FB3C-48E4-BAB1-F285468162D0}.Debug|Any CPU.ActiveCfg = Debug|Any CPU
		{4C88D697-FB3C-48E4-BAB1-F285468162D0}.Debug|Any CPU.Build.0 = Debug|Any CPU
		{4C88D697-FB3C-48E4-BAB1-F285468162D0}.Debug|ARM.ActiveCfg = Debug|ARM
		{4C88D697-FB3C-48E4-BAB1-F285468162D0}.Debug|ARM.Build.0 = Debug|ARM
		{4C88D697-FB3C-48E4-BAB1-F285468162D0}.Debug|x64.ActiveCfg = Debug|x64
		{4C88D697-FB3C-48E4-BAB1-F285468162D0}.Debug|x64.Build.0 = Debug|x64
		{4C88D697-FB3C-48E4-BAB1-F285468162D0}.Debug|x86.ActiveCfg = Debug|x86
		{4C88D697-FB3C-48E4-BAB1-F285468162D0}.Debug|x86.Build.0 = Debug|x86
		{4C88D697-FB3C-48E4-BAB1-F285468162D0}.Release|Any CPU.ActiveCfg = Release|Any CPU
		{4C88D697-FB3C-48E4-BAB1-F285468162D0}.Release|Any CPU.Build.0 = Release|Any CPU
		{4C88D697-FB3C-48E4-BAB1-F285468162D0}.Release|ARM.ActiveCfg = Release|ARM
		{4C88D697-FB3C-48E4-BAB1-F285468162D0}.Release|ARM.Build.0 = Release|ARM
		{4C88D697-FB3C-48E4-BAB1-F285468162D0}.Release|x64.ActiveCfg = Release|x64
		{4C88D697-FB3C-48E4-BAB1-F285468162D0}.Release|x64.Build.0 = Release|x64
		{4C88D697-FB3C-48E4-BAB1-F285468162D0}.Release|x86.ActiveCfg = Release|x86
		{4C88D697-FB3C-48E4-BAB1-F285468162D0}.Release|x86.Build.0 = Release|x86
		{624D8BBC-00E7-4BC8-8C9C-306EC058CB2B}.Debug|Any CPU.ActiveCfg = Debug|Any CPU
		{624D8BBC-00E7-4BC8-8C9C-306EC058CB2B}.Debug|Any CPU.Build.0 = Debug|Any CPU
		{624D8BBC-00E7-4BC8-8C9C-306EC058CB2B}.Debug|ARM.ActiveCfg = Debug|Any CPU
		{624D8BBC-00E7-4BC8-8C9C-306EC058CB2B}.Debug|ARM.Build.0 = Debug|Any CPU
		{624D8BBC-00E7-4BC8-8C9C-306EC058CB2B}.Debug|x64.ActiveCfg = Debug|Any CPU
		{624D8BBC-00E7-4BC8-8C9C-306EC058CB2B}.Debug|x64.Build.0 = Debug|Any CPU
		{624D8BBC-00E7-4BC8-8C9C-306EC058CB2B}.Debug|x86.ActiveCfg = Debug|Any CPU
		{624D8BBC-00E7-4BC8-8C9C-306EC058CB2B}.Debug|x86.Build.0 = Debug|Any CPU
		{624D8BBC-00E7-4BC8-8C9C-306EC058CB2B}.Release|Any CPU.ActiveCfg = Release|Any CPU
		{624D8BBC-00E7-4BC8-8C9C-306EC058CB2B}.Release|Any CPU.Build.0 = Release|Any CPU
		{624D8BBC-00E7-4BC8-8C9C-306EC058CB2B}.Release|ARM.ActiveCfg = Release|Any CPU
		{624D8BBC-00E7-4BC8-8C9C-306EC058CB2B}.Release|ARM.Build.0 = Release|Any CPU
		{624D8BBC-00E7-4BC8-8C9C-306EC058CB2B}.Release|x64.ActiveCfg = Release|Any CPU
		{624D8BBC-00E7-4BC8-8C9C-306EC058CB2B}.Release|x64.Build.0 = Release|Any CPU
		{624D8BBC-00E7-4BC8-8C9C-306EC058CB2B}.Release|x86.ActiveCfg = Release|Any CPU
		{624D8BBC-00E7-4BC8-8C9C-306EC058CB2B}.Release|x86.Build.0 = Release|Any CPU
		{E392BAD0-F936-4B64-A445-552597795CC7}.Debug|Any CPU.ActiveCfg = Debug|Any CPU
		{E392BAD0-F936-4B64-A445-552597795CC7}.Debug|Any CPU.Build.0 = Debug|Any CPU
		{E392BAD0-F936-4B64-A445-552597795CC7}.Debug|ARM.ActiveCfg = Debug|ARM
		{E392BAD0-F936-4B64-A445-552597795CC7}.Debug|ARM.Build.0 = Debug|ARM
		{E392BAD0-F936-4B64-A445-552597795CC7}.Debug|x64.ActiveCfg = Debug|x64
		{E392BAD0-F936-4B64-A445-552597795CC7}.Debug|x64.Build.0 = Debug|x64
		{E392BAD0-F936-4B64-A445-552597795CC7}.Debug|x86.ActiveCfg = Debug|x86
		{E392BAD0-F936-4B64-A445-552597795CC7}.Debug|x86.Build.0 = Debug|x86
		{E392BAD0-F936-4B64-A445-552597795CC7}.Release|Any CPU.ActiveCfg = Release|Any CPU
		{E392BAD0-F936-4B64-A445-552597795CC7}.Release|Any CPU.Build.0 = Release|Any CPU
		{E392BAD0-F936-4B64-A445-552597795CC7}.Release|ARM.ActiveCfg = Release|ARM
		{E392BAD0-F936-4B64-A445-552597795CC7}.Release|ARM.Build.0 = Release|ARM
		{E392BAD0-F936-4B64-A445-552597795CC7}.Release|x64.ActiveCfg = Release|x64
		{E392BAD0-F936-4B64-A445-552597795CC7}.Release|x64.Build.0 = Release|x64
		{E392BAD0-F936-4B64-A445-552597795CC7}.Release|x86.ActiveCfg = Release|x86
		{E392BAD0-F936-4B64-A445-552597795CC7}.Release|x86.Build.0 = Release|x86
		{DC73F166-0B2F-4494-979D-91273C4C3182}.Debug|Any CPU.ActiveCfg = Debug|Any CPU
		{DC73F166-0B2F-4494-979D-91273C4C3182}.Debug|Any CPU.Build.0 = Debug|Any CPU
		{DC73F166-0B2F-4494-979D-91273C4C3182}.Debug|ARM.ActiveCfg = Debug|ARM
		{DC73F166-0B2F-4494-979D-91273C4C3182}.Debug|ARM.Build.0 = Debug|ARM
		{DC73F166-0B2F-4494-979D-91273C4C3182}.Debug|x64.ActiveCfg = Debug|x64
		{DC73F166-0B2F-4494-979D-91273C4C3182}.Debug|x64.Build.0 = Debug|x64
		{DC73F166-0B2F-4494-979D-91273C4C3182}.Debug|x86.ActiveCfg = Debug|x86
		{DC73F166-0B2F-4494-979D-91273C4C3182}.Debug|x86.Build.0 = Debug|x86
		{DC73F166-0B2F-4494-979D-91273C4C3182}.Release|Any CPU.ActiveCfg = Release|Any CPU
		{DC73F166-0B2F-4494-979D-91273C4C3182}.Release|Any CPU.Build.0 = Release|Any CPU
		{DC73F166-0B2F-4494-979D-91273C4C3182}.Release|ARM.ActiveCfg = Release|ARM
		{DC73F166-0B2F-4494-979D-91273C4C3182}.Release|ARM.Build.0 = Release|ARM
		{DC73F166-0B2F-4494-979D-91273C4C3182}.Release|x64.ActiveCfg = Release|x64
		{DC73F166-0B2F-4494-979D-91273C4C3182}.Release|x64.Build.0 = Release|x64
		{DC73F166-0B2F-4494-979D-91273C4C3182}.Release|x86.ActiveCfg = Release|x86
		{DC73F166-0B2F-4494-979D-91273C4C3182}.Release|x86.Build.0 = Release|x86
		{B1DD2D0C-F280-4E5A-A14D-E1856CBB648A}.Debug|Any CPU.ActiveCfg = Debug|Any CPU
		{B1DD2D0C-F280-4E5A-A14D-E1856CBB648A}.Debug|Any CPU.Build.0 = Debug|Any CPU
		{B1DD2D0C-F280-4E5A-A14D-E1856CBB648A}.Debug|ARM.ActiveCfg = Debug|Any CPU
		{B1DD2D0C-F280-4E5A-A14D-E1856CBB648A}.Debug|ARM.Build.0 = Debug|Any CPU
		{B1DD2D0C-F280-4E5A-A14D-E1856CBB648A}.Debug|x64.ActiveCfg = Debug|Any CPU
		{B1DD2D0C-F280-4E5A-A14D-E1856CBB648A}.Debug|x64.Build.0 = Debug|Any CPU
		{B1DD2D0C-F280-4E5A-A14D-E1856CBB648A}.Debug|x86.ActiveCfg = Debug|Any CPU
		{B1DD2D0C-F280-4E5A-A14D-E1856CBB648A}.Debug|x86.Build.0 = Debug|Any CPU
		{B1DD2D0C-F280-4E5A-A14D-E1856CBB648A}.Release|Any CPU.ActiveCfg = Release|Any CPU
		{B1DD2D0C-F280-4E5A-A14D-E1856CBB648A}.Release|Any CPU.Build.0 = Release|Any CPU
		{B1DD2D0C-F280-4E5A-A14D-E1856CBB648A}.Release|ARM.ActiveCfg = Release|Any CPU
		{B1DD2D0C-F280-4E5A-A14D-E1856CBB648A}.Release|ARM.Build.0 = Release|Any CPU
		{B1DD2D0C-F280-4E5A-A14D-E1856CBB648A}.Release|x64.ActiveCfg = Release|Any CPU
		{B1DD2D0C-F280-4E5A-A14D-E1856CBB648A}.Release|x64.Build.0 = Release|Any CPU
		{B1DD2D0C-F280-4E5A-A14D-E1856CBB648A}.Release|x86.ActiveCfg = Release|Any CPU
		{B1DD2D0C-F280-4E5A-A14D-E1856CBB648A}.Release|x86.Build.0 = Release|Any CPU
	EndGlobalSection
	GlobalSection(SolutionProperties) = preSolution
		HideSolutionNode = FALSE
	EndGlobalSection
	GlobalSection(ExtensibilityGlobals) = postSolution
		SolutionGuid = {15233F8B-62D0-4ED5-8B39-6C991F652F1B}
	EndGlobalSection
EndGlobal
